
Microsoft Visual Studio Solution File, Format Version 12.00
# Visual Studio 15
VisualStudioVersion = 15.0.27703.2035
MinimumVisualStudioVersion = 10.0.40219.1
Project("{FAE04EC0-301F-11D3-BF4B-00C04F79EFBC}") = "CoreLoginEfDbFirst", "CoreLoginEfDbFirst\CoreLoginEfDbFirst.csproj", "{5995B9A8-9E5E-4C3A-8FDE-07F3A634B09E}"
EndProject
Global
	GlobalSection(SolutionConfigurationPlatforms) = preSolution
		Debug|Any CPU = Debug|Any CPU
		Release|Any CPU = Release|Any CPU
	EndGlobalSection
	GlobalSection(ProjectConfigurationPlatforms) = postSolution
		{5995B9A8-9E5E-4C3A-8FDE-07F3A634B09E}.Debug|Any CPU.ActiveCfg = Debug|Any CPU
		{5995B9A8-9E5E-4C3A-8FDE-07F3A634B09E}.Debug|Any CPU.Build.0 = Debug|Any CPU
		{5995B9A8-9E5E-4C3A-8FDE-07F3A634B09E}.Release|Any CPU.ActiveCfg = Release|Any CPU
		{5995B9A8-9E5E-4C3A-8FDE-07F3A634B09E}.Release|Any CPU.Build.0 = Release|Any CPU
	EndGlobalSection
	GlobalSection(SolutionProperties) = preSolution
		HideSolutionNode = FALSE
	EndGlobalSection
	GlobalSection(ExtensibilityGlobals) = postSolution
		SolutionGuid = {1E201D6C-B645-433F-AFD7-A5F352900FC9}
	EndGlobalSection
EndGlobal
